
Microsoft Visual Studio Solution File, Format Version 12.00
# Visual Studio Version 17
VisualStudioVersion = 17.13.35825.156 d17.13
MinimumVisualStudioVersion = 10.0.40219.1
Project("{FAE04EC0-301F-11D3-BF4B-00C04F79EFBC}") = "Task_1", "Task_1.csproj", "{BB2ACB9D-A594-450B-9183-A6C824D6436C}"
EndProject
Global
	GlobalSection(SolutionConfigurationPlatforms) = preSolution
		Debug|Any CPU = Debug|Any CPU
		Release|Any CPU = Release|Any CPU
	EndGlobalSection
	GlobalSection(ProjectConfigurationPlatforms) = postSolution
		{BB2ACB9D-A594-450B-9183-A6C824D6436C}.Debug|Any CPU.ActiveCfg = Debug|Any CPU
		{BB2ACB9D-A594-450B-9183-A6C824D6436C}.Debug|Any CPU.Build.0 = Debug|Any CPU
		{BB2ACB9D-A594-450B-9183-A6C824D6436C}.Release|Any CPU.ActiveCfg = Release|Any CPU
		{BB2ACB9D-A594-450B-9183-A6C824D6436C}.Release|Any CPU.Build.0 = Release|Any CPU
	EndGlobalSection
	GlobalSection(SolutionProperties) = preSolution
		HideSolutionNode = FALSE
	EndGlobalSection
	GlobalSection(ExtensibilityGlobals) = postSolution
		SolutionGuid = {796A84D0-35BD-4911-91BB-C3A3211F76E3}
	EndGlobalSection
EndGlobal
