
Microsoft Visual Studio Solution File, Format Version 12.00
# Visual Studio Version 17
VisualStudioVersion = 17.13.35825.156 d17.13
MinimumVisualStudioVersion = 10.0.40219.1
Project("{FAE04EC0-301F-11D3-BF4B-00C04F79EFBC}") = "Task_3", "Task_3.csproj", "{6B36B246-905D-4F04-BB5E-76FAEB48493D}"
EndProject
Global
	GlobalSection(SolutionConfigurationPlatforms) = preSolution
		Debug|Any CPU = Debug|Any CPU
		Release|Any CPU = Release|Any CPU
	EndGlobalSection
	GlobalSection(ProjectConfigurationPlatforms) = postSolution
		{6B36B246-905D-4F04-BB5E-76FAEB48493D}.Debug|Any CPU.ActiveCfg = Debug|Any CPU
		{6B36B246-905D-4F04-BB5E-76FAEB48493D}.Debug|Any CPU.Build.0 = Debug|Any CPU
		{6B36B246-905D-4F04-BB5E-76FAEB48493D}.Release|Any CPU.ActiveCfg = Release|Any CPU
		{6B36B246-905D-4F04-BB5E-76FAEB48493D}.Release|Any CPU.Build.0 = Release|Any CPU
	EndGlobalSection
	GlobalSection(SolutionProperties) = preSolution
		HideSolutionNode = FALSE
	EndGlobalSection
	GlobalSection(ExtensibilityGlobals) = postSolution
		SolutionGuid = {1003AA7A-A44E-4E98-BA45-306E514625D6}
	EndGlobalSection
EndGlobal
